{
  "name": "react-learning",
  "lockfileVersion": 3,
  "requires": true,
  "packages": {
    "": {
      "dependencies": {
        "@tanstack/react-query": "^5.90.8"
      }
    },
    "node_modules/@tanstack/query-core": {
      "version": "5.90.8",
      "resolved": "https://registry.npmjs.org/@tanstack/query-core/-/query-core-5.90.8.tgz",
      "integrity": "sha512-4E0RP/0GJCxSNiRF2kAqE/LQkTJVlL/QNU7gIJSptaseV9HP6kOuA+N11y4bZKZxa3QopK3ZuewwutHx6DqDXQ==",
      "license": "MIT",
      "funding": {
        "type": "github",
        "url": "https://github.com/sponsors/tannerlinsley"
      }
    },
    "node_modules/@tanstack/react-query": {
      "version": "5.90.8",
      "resolved": "https://registry.npmjs.org/@tanstack/react-query/-/react-query-5.90.8.tgz",
      "integrity": "sha512-/3b9QGzkf4rE5/miL6tyhldQRlLXzMHcySOm/2Tm2OLEFE9P1ImkH0+OviDBSvyAvtAOJocar5xhd7vxdLi3aQ==",
      "license": "MIT",
      "dependencies": {
        "@tanstack/query-core": "5.90.8"
      },
      "funding": {
        "type": "github",
        "url": "https://github.com/sponsors/tannerlinsley"
      },
      "peerDependencies": {
        "react": "^18 || ^19"
      }
    },
    "node_modules/react": {
      "version": "19.2.0",
      "resolved": "https://registry.npmjs.org/react/-/react-19.2.0.tgz",
      "integrity": "sha512-tmbWg6W31tQLeB5cdIBOicJDJRR2KzXsV7uSK9iNfLWQ5bIZfxuPEHp7M8wiHyHnn0DD1i7w3Zmin0FtkrwoCQ==",
      "license": "MIT",
      "peer": true,
      "engines": {
        "node": ">=0.10.0"
      }
    }
  }
}
